
Microsoft Visual Studio Solution File, Format Version 12.00
# Visual Studio Version 16
VisualStudioVersion = 16.0.28922.388
MinimumVisualStudioVersion = 10.0.40219.1
Project("{FAE04EC0-301F-11D3-BF4B-00C04F79EFBC}") = "LR_1", "LR_1\LR_1.csproj", "{19D040E4-EA1A-43A8-A8D5-4E31BE82F646}"
EndProject
Project("{FAE04EC0-301F-11D3-BF4B-00C04F79EFBC}") = "CGLabPlatform", "..\CGLabPlatform\CGLabPlatform.csproj", "{ADE0E2B1-21A6-4FC1-BDDE-2611D3A214D2}"
EndProject
Global
	GlobalSection(SolutionConfigurationPlatforms) = preSolution
		Debug|Any CPU = Debug|Any CPU
		Release|Any CPU = Release|Any CPU
	EndGlobalSection
	GlobalSection(ProjectConfigurationPlatforms) = postSolution
		{19D040E4-EA1A-43A8-A8D5-4E31BE82F646}.Debug|Any CPU.ActiveCfg = Debug|Any CPU
		{19D040E4-EA1A-43A8-A8D5-4E31BE82F646}.Debug|Any CPU.Build.0 = Debug|Any CPU
		{19D040E4-EA1A-43A8-A8D5-4E31BE82F646}.Release|Any CPU.ActiveCfg = Release|Any CPU
		{19D040E4-EA1A-43A8-A8D5-4E31BE82F646}.Release|Any CPU.Build.0 = Release|Any CPU
		{ADE0E2B1-21A6-4FC1-BDDE-2611D3A214D2}.Debug|Any CPU.ActiveCfg = Debug|Any CPU
		{ADE0E2B1-21A6-4FC1-BDDE-2611D3A214D2}.Debug|Any CPU.Build.0 = Debug|Any CPU
		{ADE0E2B1-21A6-4FC1-BDDE-2611D3A214D2}.Release|Any CPU.ActiveCfg = Release|Any CPU
		{ADE0E2B1-21A6-4FC1-BDDE-2611D3A214D2}.Release|Any CPU.Build.0 = Release|Any CPU
	EndGlobalSection
	GlobalSection(SolutionProperties) = preSolution
		HideSolutionNode = FALSE
	EndGlobalSection
	GlobalSection(ExtensibilityGlobals) = postSolution
		SolutionGuid = {EA54ABB4-1933-48EA-ACFD-34A0527E5C63}
	EndGlobalSection
EndGlobal
